
Microsoft Visual Studio Solution File, Format Version 12.00
# Visual Studio Version 17
VisualStudioVersion = 17.10.35013.160
MinimumVisualStudioVersion = 10.0.40219.1
Project("{FAE04EC0-301F-11D3-BF4B-00C04F79EFBC}") = "CommonLibrary", "CommonLibrary\CommonLibrary.csproj", "{F1488D8E-BBDD-4749-9CE4-3CA50472C5DB}"
EndProject
Project("{FAE04EC0-301F-11D3-BF4B-00C04F79EFBC}") = "CommonLibraryTestProject", "CommonLibraryTestProject\CommonLibraryTestProject.csproj", "{20879F38-E68D-47DE-917C-B86E8D6AC13C}"
EndProject
Global
	GlobalSection(SolutionConfigurationPlatforms) = preSolution
		Debug|Any CPU = Debug|Any CPU
		Release|Any CPU = Release|Any CPU
	EndGlobalSection
	GlobalSection(ProjectConfigurationPlatforms) = postSolution
		{F1488D8E-BBDD-4749-9CE4-3CA50472C5DB}.Debug|Any CPU.ActiveCfg = Debug|Any CPU
		{F1488D8E-BBDD-4749-9CE4-3CA50472C5DB}.Debug|Any CPU.Build.0 = Debug|Any CPU
		{F1488D8E-BBDD-4749-9CE4-3CA50472C5DB}.Release|Any CPU.ActiveCfg = Release|Any CPU
		{F1488D8E-BBDD-4749-9CE4-3CA50472C5DB}.Release|Any CPU.Build.0 = Release|Any CPU
		{20879F38-E68D-47DE-917C-B86E8D6AC13C}.Debug|Any CPU.ActiveCfg = Debug|Any CPU
		{20879F38-E68D-47DE-917C-B86E8D6AC13C}.Debug|Any CPU.Build.0 = Debug|Any CPU
		{20879F38-E68D-47DE-917C-B86E8D6AC13C}.Release|Any CPU.ActiveCfg = Release|Any CPU
		{20879F38-E68D-47DE-917C-B86E8D6AC13C}.Release|Any CPU.Build.0 = Release|Any CPU
	EndGlobalSection
	GlobalSection(SolutionProperties) = preSolution
		HideSolutionNode = FALSE
	EndGlobalSection
	GlobalSection(ExtensibilityGlobals) = postSolution
		SolutionGuid = {C0ED1E36-A91B-4504-964D-F20AC03FB5E7}
	EndGlobalSection
EndGlobal
